
Microsoft Visual Studio Solution File, Format Version 12.00
# Visual Studio Version 16
VisualStudioVersion = 16.0.28803.452
MinimumVisualStudioVersion = 10.0.40219.1
Project("{FAE04EC0-301F-11D3-BF4B-00C04F79EFBC}") = "OA", "OA\OA.csproj", "{72105676-2A5F-45C3-B463-DEDBE76FFF08}"
EndProject
Global
	GlobalSection(SolutionConfigurationPlatforms) = preSolution
		Debug|Any CPU = Debug|Any CPU
		Release|Any CPU = Release|Any CPU
	EndGlobalSection
	GlobalSection(ProjectConfigurationPlatforms) = postSolution
		{72105676-2A5F-45C3-B463-DEDBE76FFF08}.Debug|Any CPU.ActiveCfg = Debug|Any CPU
		{72105676-2A5F-45C3-B463-DEDBE76FFF08}.Debug|Any CPU.Build.0 = Debug|Any CPU
		{72105676-2A5F-45C3-B463-DEDBE76FFF08}.Release|Any CPU.ActiveCfg = Release|Any CPU
		{72105676-2A5F-45C3-B463-DEDBE76FFF08}.Release|Any CPU.Build.0 = Release|Any CPU
	EndGlobalSection
	GlobalSection(SolutionProperties) = preSolution
		HideSolutionNode = FALSE
	EndGlobalSection
	GlobalSection(ExtensibilityGlobals) = postSolution
		SolutionGuid = {35CEA28C-BF69-4BDE-8167-0DA491FDE183}
	EndGlobalSection
EndGlobal
